
Microsoft Visual Studio Solution File, Format Version 12.00
# Visual Studio Version 16
VisualStudioVersion = 16.0.28803.452
MinimumVisualStudioVersion = 15.0.26124.0
Project("{2150E333-8FDC-42A3-9474-1A3956D46DE8}") = "src", "src", "{7EE3C159-1EDF-4C75-AC01-6E752C270B21}"
EndProject
Project("{9A19103F-16F7-4668-BE54-9A1E7A4F7556}") = "HelloESDC.API", "src\HelloESDC.API\HelloESDC.API.csproj", "{9B3EF608-1DC4-4929-BBB9-C4D3AAC2A60A}"
EndProject
Project("{2150E333-8FDC-42A3-9474-1A3956D46DE8}") = "test", "test", "{C7736749-03CD-442D-A163-D9A9095E3FF2}"
EndProject
Project("{9A19103F-16F7-4668-BE54-9A1E7A4F7556}") = "HelloESDC.API.Tests", "test\HelloESDC.API.Tests\HelloESDC.API.Tests.csproj", "{C9C6AD4A-7FB6-4F3F-B8D6-97F3DA70A548}"
EndProject
Project("{2150E333-8FDC-42A3-9474-1A3956D46DE8}") = "Solution Items", "Solution Items", "{25C140E1-53E4-4569-B2E6-F82D16BF7C06}"
EndProject
Global
	GlobalSection(SolutionConfigurationPlatforms) = preSolution
		Debug|Any CPU = Debug|Any CPU
		Debug|x64 = Debug|x64
		Debug|x86 = Debug|x86
		Release|Any CPU = Release|Any CPU
		Release|x64 = Release|x64
		Release|x86 = Release|x86
	EndGlobalSection
	GlobalSection(ProjectConfigurationPlatforms) = postSolution
		{9B3EF608-1DC4-4929-BBB9-C4D3AAC2A60A}.Debug|Any CPU.ActiveCfg = Debug|Any CPU
		{9B3EF608-1DC4-4929-BBB9-C4D3AAC2A60A}.Debug|Any CPU.Build.0 = Debug|Any CPU
		{9B3EF608-1DC4-4929-BBB9-C4D3AAC2A60A}.Debug|x64.ActiveCfg = Debug|Any CPU
		{9B3EF608-1DC4-4929-BBB9-C4D3AAC2A60A}.Debug|x64.Build.0 = Debug|Any CPU
		{9B3EF608-1DC4-4929-BBB9-C4D3AAC2A60A}.Debug|x86.ActiveCfg = Debug|Any CPU
		{9B3EF608-1DC4-4929-BBB9-C4D3AAC2A60A}.Debug|x86.Build.0 = Debug|Any CPU
		{9B3EF608-1DC4-4929-BBB9-C4D3AAC2A60A}.Release|Any CPU.ActiveCfg = Release|Any CPU
		{9B3EF608-1DC4-4929-BBB9-C4D3AAC2A60A}.Release|Any CPU.Build.0 = Release|Any CPU
		{9B3EF608-1DC4-4929-BBB9-C4D3AAC2A60A}.Release|x64.ActiveCfg = Release|Any CPU
		{9B3EF608-1DC4-4929-BBB9-C4D3AAC2A60A}.Release|x64.Build.0 = Release|Any CPU
		{9B3EF608-1DC4-4929-BBB9-C4D3AAC2A60A}.Release|x86.ActiveCfg = Release|Any CPU
		{9B3EF608-1DC4-4929-BBB9-C4D3AAC2A60A}.Release|x86.Build.0 = Release|Any CPU
		{C9C6AD4A-7FB6-4F3F-B8D6-97F3DA70A548}.Debug|Any CPU.ActiveCfg = Debug|Any CPU
		{C9C6AD4A-7FB6-4F3F-B8D6-97F3DA70A548}.Debug|Any CPU.Build.0 = Debug|Any CPU
		{C9C6AD4A-7FB6-4F3F-B8D6-97F3DA70A548}.Debug|x64.ActiveCfg = Debug|Any CPU
		{C9C6AD4A-7FB6-4F3F-B8D6-97F3DA70A548}.Debug|x64.Build.0 = Debug|Any CPU
		{C9C6AD4A-7FB6-4F3F-B8D6-97F3DA70A548}.Debug|x86.ActiveCfg = Debug|Any CPU
		{C9C6AD4A-7FB6-4F3F-B8D6-97F3DA70A548}.Debug|x86.Build.0 = Debug|Any CPU
		{C9C6AD4A-7FB6-4F3F-B8D6-97F3DA70A548}.Release|Any CPU.ActiveCfg = Release|Any CPU
		{C9C6AD4A-7FB6-4F3F-B8D6-97F3DA70A548}.Release|Any CPU.Build.0 = Release|Any CPU
		{C9C6AD4A-7FB6-4F3F-B8D6-97F3DA70A548}.Release|x64.ActiveCfg = Release|Any CPU
		{C9C6AD4A-7FB6-4F3F-B8D6-97F3DA70A548}.Release|x64.Build.0 = Release|Any CPU
		{C9C6AD4A-7FB6-4F3F-B8D6-97F3DA70A548}.Release|x86.ActiveCfg = Release|Any CPU
		{C9C6AD4A-7FB6-4F3F-B8D6-97F3DA70A548}.Release|x86.Build.0 = Release|Any CPU
	EndGlobalSection
	GlobalSection(SolutionProperties) = preSolution
		HideSolutionNode = FALSE
	EndGlobalSection
	GlobalSection(NestedProjects) = preSolution
		{9B3EF608-1DC4-4929-BBB9-C4D3AAC2A60A} = {7EE3C159-1EDF-4C75-AC01-6E752C270B21}
		{C9C6AD4A-7FB6-4F3F-B8D6-97F3DA70A548} = {C7736749-03CD-442D-A163-D9A9095E3FF2}
	EndGlobalSection
	GlobalSection(ExtensibilityGlobals) = postSolution
		SolutionGuid = {9DF90872-2E00-48E7-833B-B2436A0DF555}
	EndGlobalSection
EndGlobal
